{
  "version": 4,
  "terraform_version": "1.6.5",
  "serial": 14,
  "lineage": "69bbb51c-7776-fd58-fe2d-b1cb0a0fa532",
  "outputs": {},
  "resources": [
    {
      "mode": "managed",
      "type": "azurerm_mysql_database",
      "name": "webappdb1",
      "provider": "provider[\"registry.terraform.io/hashicorp/azurerm\"]",
      "instances": [
        {
          "schema_version": 0,
          "attributes": {
            "charset": "utf8",
            "collation": "utf8_unicode_ci",
            "id": "/subscriptions/741f607e-5ee2-420c-a1f4-3fc69ee59cba/resourceGroups/erricsongrp/providers/Microsoft.DBforMySQL/servers/it9999-dev-mydb101/databases/webappdb1",
            "name": "webappdb1",
            "resource_group_name": "erricsongrp",
            "server_name": "it9999-dev-mydb101",
            "timeouts": null
          },
          "sensitive_attributes": [],
          "private": "eyJlMmJmYjczMC1lY2FhLTExZTYtOGY4OC0zNDM2M2JjN2M0YzAiOnsiY3JlYXRlIjozNjAwMDAwMDAwMDAwLCJkZWxldGUiOjM2MDAwMDAwMDAwMDAsInJlYWQiOjMwMDAwMDAwMDAwMH19",
          "dependencies": [
            "azurerm_mysql_server.mysqlserver",
            "azurerm_resource_group.myrg"
          ]
        }
      ]
    },
    {
      "mode": "managed",
      "type": "azurerm_mysql_server",
      "name": "mysqlserver",
      "provider": "provider[\"registry.terraform.io/hashicorp/azurerm\"]",
      "instances": [
        {
          "schema_version": 0,
          "attributes": {
            "administrator_login": "mydbadmin",
            "administrator_login_password": "H@Sh1CoR3!",
            "auto_grow_enabled": true,
            "backup_retention_days": 7,
            "create_mode": "Default",
            "creation_source_server_id": null,
            "fqdn": "it9999-dev-mydb101.mysql.database.azure.com",
            "geo_redundant_backup_enabled": false,
            "id": "/subscriptions/741f607e-5ee2-420c-a1f4-3fc69ee59cba/resourceGroups/erricsongrp/providers/Microsoft.DBforMySQL/servers/it9999-dev-mydb101",
            "identity": [],
            "infrastructure_encryption_enabled": false,
            "location": "eastus",
            "name": "it9999-dev-mydb101",
            "public_network_access_enabled": true,
            "resource_group_name": "erricsongrp",
            "restore_point_in_time": null,
            "sku_name": "B_Gen5_2",
            "ssl_enforcement_enabled": true,
            "ssl_minimal_tls_version_enforced": "TLS1_2",
            "storage_mb": 5120,
            "tags": {
              "CLITool": "Terraform",
              "Tag1": "Azure"
            },
            "threat_detection_policy": [],
            "timeouts": null,
            "version": "8.0"
          },
          "sensitive_attributes": [
            [
              {
                "type": "get_attr",
                "value": "administrator_login"
              }
            ],
            [
              {
                "type": "get_attr",
                "value": "administrator_login_password"
              }
            ]
          ],
          "private": "eyJlMmJmYjczMC1lY2FhLTExZTYtOGY4OC0zNDM2M2JjN2M0YzAiOnsiY3JlYXRlIjozNjAwMDAwMDAwMDAwLCJkZWxldGUiOjM2MDAwMDAwMDAwMDAsInJlYWQiOjMwMDAwMDAwMDAwMCwidXBkYXRlIjozNjAwMDAwMDAwMDAwfX0=",
          "dependencies": [
            "azurerm_resource_group.myrg"
          ]
        }
      ]
    },
    {
      "mode": "managed",
      "type": "azurerm_resource_group",
      "name": "myrg",
      "provider": "provider[\"registry.terraform.io/hashicorp/azurerm\"]",
      "instances": [
        {
          "schema_version": 0,
          "attributes": {
            "id": "/subscriptions/741f607e-5ee2-420c-a1f4-3fc69ee59cba/resourceGroups/erricsongrp",
            "location": "eastus",
            "managed_by": "",
            "name": "erricsongrp",
            "tags": null,
            "timeouts": null
          },
          "sensitive_attributes": [],
          "private": "eyJlMmJmYjczMC1lY2FhLTExZTYtOGY4OC0zNDM2M2JjN2M0YzAiOnsiY3JlYXRlIjo1NDAwMDAwMDAwMDAwLCJkZWxldGUiOjU0MDAwMDAwMDAwMDAsInJlYWQiOjMwMDAwMDAwMDAwMCwidXBkYXRlIjo1NDAwMDAwMDAwMDAwfX0="
        }
      ]
    }
  ],
  "check_results": null
}
