{
  "version": 4,
  "terraform_version": "1.6.5",
  "serial": 44,
  "lineage": "05cd4869-5213-893d-cc58-452819f688ca",
  "outputs": {},
  "resources": [
    {
      "mode": "managed",
      "type": "azurerm_resource_group",
      "name": "mygr",
      "provider": "provider[\"registry.terraform.io/hashicorp/azurerm\"]",
      "instances": [
        {
          "index_key": "eastus",
          "schema_version": 0,
          "attributes": {
            "id": "/subscriptions/741f607e-5ee2-420c-a1f4-3fc69ee59cba/resourceGroups/eastus-rg",
            "location": "eastus",
            "managed_by": "",
            "name": "eastus-rg",
            "tags": null,
            "timeouts": null
          },
          "sensitive_attributes": [],
          "private": "eyJlMmJmYjczMC1lY2FhLTExZTYtOGY4OC0zNDM2M2JjN2M0YzAiOnsiY3JlYXRlIjo1NDAwMDAwMDAwMDAwLCJkZWxldGUiOjU0MDAwMDAwMDAwMDAsInJlYWQiOjMwMDAwMDAwMDAwMCwidXBkYXRlIjo1NDAwMDAwMDAwMDAwfX0="
        },
        {
          "index_key": "eastus2",
          "schema_version": 0,
          "attributes": {
            "id": "/subscriptions/741f607e-5ee2-420c-a1f4-3fc69ee59cba/resourceGroups/eastus2-rg",
            "location": "eastus2",
            "managed_by": "",
            "name": "eastus2-rg",
            "tags": null,
            "timeouts": null
          },
          "sensitive_attributes": [],
          "private": "eyJlMmJmYjczMC1lY2FhLTExZTYtOGY4OC0zNDM2M2JjN2M0YzAiOnsiY3JlYXRlIjo1NDAwMDAwMDAwMDAwLCJkZWxldGUiOjU0MDAwMDAwMDAwMDAsInJlYWQiOjMwMDAwMDAwMDAwMCwidXBkYXRlIjo1NDAwMDAwMDAwMDAwfX0="
        },
        {
          "index_key": "westus",
          "schema_version": 0,
          "attributes": {
            "id": "/subscriptions/741f607e-5ee2-420c-a1f4-3fc69ee59cba/resourceGroups/westus-rg",
            "location": "westus",
            "managed_by": "",
            "name": "westus-rg",
            "tags": null,
            "timeouts": null
          },
          "sensitive_attributes": [],
          "private": "eyJlMmJmYjczMC1lY2FhLTExZTYtOGY4OC0zNDM2M2JjN2M0YzAiOnsiY3JlYXRlIjo1NDAwMDAwMDAwMDAwLCJkZWxldGUiOjU0MDAwMDAwMDAwMDAsInJlYWQiOjMwMDAwMDAwMDAwMCwidXBkYXRlIjo1NDAwMDAwMDAwMDAwfX0="
        }
      ]
    }
  ],
  "check_results": null
}
