{
  "version": 4,
  "terraform_version": "1.6.5",
  "serial": 4,
  "lineage": "81c4c765-8e06-ce36-0bfa-fe462d93415f",
  "outputs": {
    "ds_rg_id": {
      "value": "/subscriptions/741f607e-5ee2-420c-a1f4-3fc69ee59cba/resourceGroups/hr-dev-myrg",
      "type": "string"
    },
    "ds_rg_location": {
      "value": "eastus",
      "type": "string"
    },
    "ds_rg_name": {
      "value": "hr-dev-myrg",
      "type": "string"
    }
  },
  "resources": [
    {
      "mode": "data",
      "type": "azurerm_resource_group",
      "name": "rgds",
      "provider": "provider[\"registry.terraform.io/hashicorp/azurerm\"]",
      "instances": [
        {
          "schema_version": 0,
          "attributes": {
            "id": "/subscriptions/741f607e-5ee2-420c-a1f4-3fc69ee59cba/resourceGroups/hr-dev-myrg",
            "location": "eastus",
            "managed_by": "",
            "name": "hr-dev-myrg",
            "tags": {
              "Owner": "Mangesh",
              "Service": "Demo Services"
            },
            "timeouts": null
          },
          "sensitive_attributes": []
        }
      ]
    },
    {
      "mode": "managed",
      "type": "azurerm_resource_group",
      "name": "myrg",
      "provider": "provider[\"registry.terraform.io/hashicorp/azurerm\"]",
      "instances": [
        {
          "schema_version": 0,
          "attributes": {
            "id": "/subscriptions/741f607e-5ee2-420c-a1f4-3fc69ee59cba/resourceGroups/hr-dev-myrg",
            "location": "eastus",
            "managed_by": "",
            "name": "hr-dev-myrg",
            "tags": {
              "Owner": "Mangesh",
              "Service": "Demo Services"
            },
            "timeouts": null
          },
          "sensitive_attributes": [],
          "private": "eyJlMmJmYjczMC1lY2FhLTExZTYtOGY4OC0zNDM2M2JjN2M0YzAiOnsiY3JlYXRlIjo1NDAwMDAwMDAwMDAwLCJkZWxldGUiOjU0MDAwMDAwMDAwMDAsInJlYWQiOjMwMDAwMDAwMDAwMCwidXBkYXRlIjo1NDAwMDAwMDAwMDAwfX0="
        }
      ]
    },
    {
      "mode": "managed",
      "type": "azurerm_virtual_network",
      "name": "myvnet",
      "provider": "provider[\"registry.terraform.io/hashicorp/azurerm\"]",
      "instances": [
        {
          "schema_version": 0,
          "attributes": {
            "address_space": [
              "10.0.0.0/16"
            ],
            "bgp_community": "",
            "ddos_protection_plan": [],
            "dns_servers": [],
            "edge_zone": "",
            "encryption": [],
            "flow_timeout_in_minutes": 0,
            "guid": "abcdada2-b7ee-4cb2-8be8-8ffabd3aeda9",
            "id": "/subscriptions/741f607e-5ee2-420c-a1f4-3fc69ee59cba/resourceGroups/hr-dev-myrg/providers/Microsoft.Network/virtualNetworks/hr-dev-myvnet",
            "location": "eastus",
            "name": "hr-dev-myvnet",
            "resource_group_name": "hr-dev-myrg",
            "subnet": [],
            "tags": {
              "Owner": "Mangesh",
              "Service": "Demo Services"
            },
            "timeouts": null
          },
          "sensitive_attributes": [],
          "private": "eyJlMmJmYjczMC1lY2FhLTExZTYtOGY4OC0zNDM2M2JjN2M0YzAiOnsiY3JlYXRlIjoxODAwMDAwMDAwMDAwLCJkZWxldGUiOjE4MDAwMDAwMDAwMDAsInJlYWQiOjMwMDAwMDAwMDAwMCwidXBkYXRlIjoxODAwMDAwMDAwMDAwfX0=",
          "dependencies": [
            "azurerm_resource_group.myrg"
          ]
        }
      ]
    }
  ],
  "check_results": null
}
