{
  "version": 4,
  "terraform_version": "1.6.5",
  "serial": 3,
  "lineage": "6407145e-3c7b-871f-58a1-f4963c7cd3d2",
  "outputs": {},
  "resources": [
    {
      "mode": "managed",
      "type": "azurerm_resource_group",
      "name": "mygrp01",
      "provider": "provider[\"registry.terraform.io/hashicorp/azurerm\"]",
      "instances": [
        {
          "schema_version": 0,
          "attributes": {
            "id": "/subscriptions/741f607e-5ee2-420c-a1f4-3fc69ee59cba/resourceGroups/myimport",
            "location": "eastus",
            "managed_by": "",
            "name": "myimport",
            "tags": {
              "mydata": "test"
            },
            "timeouts": null
          },
          "sensitive_attributes": [],
          "private": "eyJlMmJmYjczMC1lY2FhLTExZTYtOGY4OC0zNDM2M2JjN2M0YzAiOnsiY3JlYXRlIjo1NDAwMDAwMDAwMDAwLCJkZWxldGUiOjU0MDAwMDAwMDAwMDAsInJlYWQiOjMwMDAwMDAwMDAwMCwidXBkYXRlIjo1NDAwMDAwMDAwMDAwfX0="
        }
      ]
    }
  ],
  "check_results": null
}
