{
  "version": 4,
  "terraform_version": "1.6.5",
  "serial": 31,
  "lineage": "1d45f5f4-2752-5d8d-ac12-55119611e5f6",
  "outputs": {
    "myidfornetwork": {
      "value": "/subscriptions/741f607e-5ee2-420c-a1f4-3fc69ee59cba/resourceGroups/erricsongrp/providers/Microsoft.Network/virtualNetworks/erricson-network",
      "type": "string"
    },
    "mynetworkinfo": {
      "value": "erricson-network",
      "type": "string"
    },
    "myresourcegroupinfo": {
      "value": "erricsongrp",
      "type": "string"
    },
    "public_ip_address": {
      "value": "20.228.203.196",
      "type": "string"
    }
  },
  "resources": [
    {
      "mode": "managed",
      "type": "azurerm_linux_virtual_machine",
      "name": "mymachine",
      "provider": "provider[\"registry.terraform.io/hashicorp/azurerm\"]",
      "instances": [
        {
          "schema_version": 0,
          "attributes": {
            "additional_capabilities": [],
            "admin_password": null,
            "admin_ssh_key": [
              {
                "public_key": "ssh-rsa AAAAB3NzaC1yc2EAAAADAQABAAACAQDUc7ww/pBsVZUVrkQMSt0oU/2ao1appluYsaHtX0Wf7WPqITp6zdQH6Mi4irYhMvYCoGAboAxPHMpUUdKqZkK3DJb6zf+ZW35KSX/cdu11rGoLN9r4gnwNXFLYUblDxpzq7jGsoVAYk4d6fqhXyj5oqg5DJ9aQrfOW65nHrzaxV2VTkwaQuenkbGoaXCNQd93dfKoLWebdMawicRWY9AYQQgdNdNpK/sk7twF+A126nHU5c6MG9qnsCOFcw2/uhIx6Y3CMVVfVtIYtpGXL1PgRpov25AH5LHxHLO0QUiGE++vAhtz89IR/bLfJsLGhHREmy0uoqo3yGHYxRn8S0KeNJIwPw+8RVJjUOsA1sLZzSCh6vBGVIqgzsdCYLO6Le5UhVRj1CDUSYoin9zp4uWShGV+YuGpdAv5SNwiddAP6yN3KgthnXvDPckBrZGa66pLgOahMpm4RkQrWtGT0cipYBWLn5PXs+NH0vev8XI5Atb6V1zzL61IOufwpFGi8gVqztD/esYZC6YG9hIRnP9QWn1tgatYia3TZ0nL6F7GA5VS4xteDxUzJoyixERPzVl2ShAy1NUaD3YfPKWb2aavAEgN52IKIhYFHdpfNibni8ZUugt9DWmv4FIulfA7Jxtoi/Hll7kU/IlvnFkoh0MFKsbKlVQwtKZXWhA0MLhDxRw== azureuser@myserver\n",
                "username": "erricsonuser"
              }
            ],
            "admin_username": "erricsonuser",
            "allow_extension_operations": true,
            "availability_set_id": "",
            "boot_diagnostics": [],
            "bypass_platform_safety_checks_on_user_schedule_enabled": false,
            "capacity_reservation_group_id": "",
            "computer_name": "erricson-app-crbt",
            "custom_data": "I2Nsb3VkLWNvbmZpZw0KcGFja2FnZV91cGdyYWRlOiBmYWxzZQ0KcGFja2FnZXM6DQogIC0gaHR0cGQNCndyaXRlX2ZpbGVzOg0KICAtIG93bmVyOiByb290OnJvb3QgDQogICAgcGF0aDogL3Zhci93d3cvaHRtbC9pbmRleC5odG1sDQogICAgY29udGVudDogfA0KICAgICAgPGgxPldlbGNvbWUgdG8gVGVycmFmb3JtIC0gQVBQLTE8L2gxPg0KICAtIG93bmVyOiByb290OnJvb3QgDQogICAgcGF0aDogL3Zhci93d3cvaHRtbC9hcHAxL2luZGV4Lmh0bWwNCiAgICBjb250ZW50OiB8DQogICAgICA8IURPQ1RZUEUgaHRtbD4gPGh0bWw+IDxib2R5IHN0eWxlPSJiYWNrZ3JvdW5kLWNvbG9yOnJnYigyNTAsIDIxMCwgMjEwKTsiPiA8aDE+V2VsY29tZSB0byBTdGFjayBTaW1wbGlmeSAtIEFQUC0xPC9oMT4gPHA+VGVycmFmb3JtIERlbW88L3A+IDxwPkFwcGxpY2F0aW9uIFZlcnNpb246IFYxPC9wPiA8L2JvZHk+PC9odG1sPiAgICAgIA0KcnVuY21kOg0KICAtIHN1ZG8gc3lzdGVtY3RsIHN0YXJ0IGh0dHBkICANCiAgLSBzdWRvIHN5c3RlbWN0bCBlbmFibGUgaHR0cGQNCiAgLSBzdWRvIHN5c3RlbWN0bCBzdG9wIGZpcmV3YWxsZA0KICAtIHN1ZG8gbWtkaXIgL3Zhci93d3cvaHRtbC9hcHAxIA0KICAtIFtzdWRvLCBjdXJsLCAtSCwgIk1ldGFkYXRhOnRydWUiLCAtLW5vcHJveHksICIqIiwgImh0dHA6Ly8xNjkuMjU0LjE2OS4yNTQvbWV0YWRhdGEvaW5zdGFuY2U/YXBpLXZlcnNpb249MjAyMC0wOS0wMSIsIC1vLCAvdmFyL3d3dy9odG1sL2FwcDEvbWV0YWRhdGEuaHRtbF0NCg==",
            "dedicated_host_group_id": "",
            "dedicated_host_id": "",
            "disable_password_authentication": true,
            "edge_zone": "",
            "encryption_at_host_enabled": false,
            "eviction_policy": "",
            "extensions_time_budget": "PT1H30M",
            "gallery_application": [],
            "id": "/subscriptions/741f607e-5ee2-420c-a1f4-3fc69ee59cba/resourceGroups/erricsongrp/providers/Microsoft.Compute/virtualMachines/erricson-app-server",
            "identity": [],
            "license_type": "",
            "location": "eastus",
            "max_bid_price": -1,
            "name": "erricson-app-server",
            "network_interface_ids": [
              "/subscriptions/741f607e-5ee2-420c-a1f4-3fc69ee59cba/resourceGroups/erricsongrp/providers/Microsoft.Network/networkInterfaces/erricson-network-nic"
            ],
            "os_disk": [
              {
                "caching": "ReadWrite",
                "diff_disk_settings": [],
                "disk_encryption_set_id": "",
                "disk_size_gb": 30,
                "name": "osdisk-erricson",
                "secure_vm_disk_encryption_set_id": "",
                "security_encryption_type": "",
                "storage_account_type": "Standard_LRS",
                "write_accelerator_enabled": false
              }
            ],
            "patch_assessment_mode": "ImageDefault",
            "patch_mode": "ImageDefault",
            "plan": [],
            "platform_fault_domain": -1,
            "priority": "Regular",
            "private_ip_address": "192.168.1.4",
            "private_ip_addresses": [
              "192.168.1.4"
            ],
            "provision_vm_agent": true,
            "proximity_placement_group_id": "",
            "public_ip_address": "20.228.203.196",
            "public_ip_addresses": [
              "20.228.203.196"
            ],
            "reboot_setting": "",
            "resource_group_name": "erricsongrp",
            "secret": [],
            "secure_boot_enabled": false,
            "size": "Standard_F2",
            "source_image_id": "",
            "source_image_reference": [
              {
                "offer": "CentOS",
                "publisher": "OpenLogic",
                "sku": "8_5",
                "version": "latest"
              }
            ],
            "tags": {
              "envinoment": "prepod",
              "project": "crbt"
            },
            "termination_notification": null,
            "timeouts": null,
            "user_data": "",
            "virtual_machine_id": "0a95e9c8-2d4e-4a4e-a880-f2e6a521c3cf",
            "virtual_machine_scale_set_id": "",
            "vtpm_enabled": false,
            "zone": ""
          },
          "sensitive_attributes": [],
          "private": "eyJlMmJmYjczMC1lY2FhLTExZTYtOGY4OC0zNDM2M2JjN2M0YzAiOnsiY3JlYXRlIjoyNzAwMDAwMDAwMDAwLCJkZWxldGUiOjI3MDAwMDAwMDAwMDAsInJlYWQiOjMwMDAwMDAwMDAwMCwidXBkYXRlIjoyNzAwMDAwMDAwMDAwfX0=",
          "dependencies": [
            "azurerm_network_interface.mynetworkinc",
            "azurerm_public_ip.mypublicip",
            "azurerm_resource_group.mygr",
            "azurerm_subnet.mysubnet",
            "azurerm_virtual_network.mynetwork"
          ]
        }
      ]
    },
    {
      "mode": "managed",
      "type": "azurerm_network_interface",
      "name": "mynetworkinc",
      "provider": "provider[\"registry.terraform.io/hashicorp/azurerm\"]",
      "instances": [
        {
          "schema_version": 0,
          "attributes": {
            "applied_dns_servers": [],
            "auxiliary_mode": "",
            "auxiliary_sku": "",
            "dns_servers": [],
            "edge_zone": "",
            "enable_accelerated_networking": false,
            "enable_ip_forwarding": false,
            "id": "/subscriptions/741f607e-5ee2-420c-a1f4-3fc69ee59cba/resourceGroups/erricsongrp/providers/Microsoft.Network/networkInterfaces/erricson-network-nic",
            "internal_dns_name_label": "",
            "internal_domain_name_suffix": "kxbowdyqwraunnjhqfrnrmiojd.bx.internal.cloudapp.net",
            "ip_configuration": [
              {
                "gateway_load_balancer_frontend_ip_configuration_id": "",
                "name": "internal",
                "primary": true,
                "private_ip_address": "192.168.1.4",
                "private_ip_address_allocation": "Dynamic",
                "private_ip_address_version": "IPv4",
                "public_ip_address_id": "/subscriptions/741f607e-5ee2-420c-a1f4-3fc69ee59cba/resourceGroups/erricsongrp/providers/Microsoft.Network/publicIPAddresses/erricson-public-ip",
                "subnet_id": "/subscriptions/741f607e-5ee2-420c-a1f4-3fc69ee59cba/resourceGroups/erricsongrp/providers/Microsoft.Network/virtualNetworks/erricson-network/subnets/erricson-subnet"
              }
            ],
            "location": "eastus",
            "mac_address": "",
            "name": "erricson-network-nic",
            "private_ip_address": "192.168.1.4",
            "private_ip_addresses": [
              "192.168.1.4"
            ],
            "resource_group_name": "erricsongrp",
            "tags": null,
            "timeouts": null,
            "virtual_machine_id": ""
          },
          "sensitive_attributes": [],
          "private": "eyJlMmJmYjczMC1lY2FhLTExZTYtOGY4OC0zNDM2M2JjN2M0YzAiOnsiY3JlYXRlIjoxODAwMDAwMDAwMDAwLCJkZWxldGUiOjE4MDAwMDAwMDAwMDAsInJlYWQiOjMwMDAwMDAwMDAwMCwidXBkYXRlIjoxODAwMDAwMDAwMDAwfX0=",
          "dependencies": [
            "azurerm_public_ip.mypublicip",
            "azurerm_resource_group.mygr",
            "azurerm_subnet.mysubnet",
            "azurerm_virtual_network.mynetwork"
          ]
        }
      ]
    },
    {
      "mode": "managed",
      "type": "azurerm_network_security_group",
      "name": "mysecurity_group",
      "provider": "provider[\"registry.terraform.io/hashicorp/azurerm\"]",
      "instances": [
        {
          "schema_version": 0,
          "attributes": {
            "id": "/subscriptions/741f607e-5ee2-420c-a1f4-3fc69ee59cba/resourceGroups/erricsongrp/providers/Microsoft.Network/networkSecurityGroups/erricson-security-group",
            "location": "eastus",
            "name": "erricson-security-group",
            "resource_group_name": "erricsongrp",
            "security_rule": [],
            "tags": null,
            "timeouts": null
          },
          "sensitive_attributes": [],
          "private": "eyJlMmJmYjczMC1lY2FhLTExZTYtOGY4OC0zNDM2M2JjN2M0YzAiOnsiY3JlYXRlIjoxODAwMDAwMDAwMDAwLCJkZWxldGUiOjE4MDAwMDAwMDAwMDAsInJlYWQiOjMwMDAwMDAwMDAwMCwidXBkYXRlIjoxODAwMDAwMDAwMDAwfX0=",
          "dependencies": [
            "azurerm_resource_group.mygr"
          ]
        }
      ]
    },
    {
      "mode": "managed",
      "type": "azurerm_network_security_rule",
      "name": "myhttprule",
      "provider": "provider[\"registry.terraform.io/hashicorp/azurerm\"]",
      "instances": [
        {
          "schema_version": 0,
          "attributes": {
            "access": "Allow",
            "description": "",
            "destination_address_prefix": "*",
            "destination_address_prefixes": null,
            "destination_application_security_group_ids": null,
            "destination_port_range": "*",
            "destination_port_ranges": null,
            "direction": "Inbound",
            "id": "/subscriptions/741f607e-5ee2-420c-a1f4-3fc69ee59cba/resourceGroups/erricsongrp/providers/Microsoft.Network/networkSecurityGroups/erricson-security-group/securityRules/allowhttp",
            "name": "allowhttp",
            "network_security_group_name": "erricson-security-group",
            "priority": 100,
            "protocol": "Tcp",
            "resource_group_name": "erricsongrp",
            "source_address_prefix": "*",
            "source_address_prefixes": null,
            "source_application_security_group_ids": null,
            "source_port_range": "*",
            "source_port_ranges": null,
            "timeouts": null
          },
          "sensitive_attributes": [],
          "private": "eyJlMmJmYjczMC1lY2FhLTExZTYtOGY4OC0zNDM2M2JjN2M0YzAiOnsiY3JlYXRlIjoxODAwMDAwMDAwMDAwLCJkZWxldGUiOjE4MDAwMDAwMDAwMDAsInJlYWQiOjMwMDAwMDAwMDAwMCwidXBkYXRlIjoxODAwMDAwMDAwMDAwfX0=",
          "dependencies": [
            "azurerm_network_security_group.mysecurity_group",
            "azurerm_resource_group.mygr"
          ]
        }
      ]
    },
    {
      "mode": "managed",
      "type": "azurerm_public_ip",
      "name": "mypublicip",
      "provider": "provider[\"registry.terraform.io/hashicorp/azurerm\"]",
      "instances": [
        {
          "schema_version": 0,
          "attributes": {
            "allocation_method": "Dynamic",
            "ddos_protection_mode": "VirtualNetworkInherited",
            "ddos_protection_plan_id": null,
            "domain_name_label": null,
            "edge_zone": "",
            "fqdn": null,
            "id": "/subscriptions/741f607e-5ee2-420c-a1f4-3fc69ee59cba/resourceGroups/erricsongrp/providers/Microsoft.Network/publicIPAddresses/erricson-public-ip",
            "idle_timeout_in_minutes": 4,
            "ip_address": "",
            "ip_tags": null,
            "ip_version": "IPv4",
            "location": "eastus",
            "name": "erricson-public-ip",
            "public_ip_prefix_id": null,
            "resource_group_name": "erricsongrp",
            "reverse_fqdn": null,
            "sku": "Basic",
            "sku_tier": "Regional",
            "tags": null,
            "timeouts": null,
            "zones": null
          },
          "sensitive_attributes": [],
          "private": "eyJlMmJmYjczMC1lY2FhLTExZTYtOGY4OC0zNDM2M2JjN2M0YzAiOnsiY3JlYXRlIjoxODAwMDAwMDAwMDAwLCJkZWxldGUiOjE4MDAwMDAwMDAwMDAsInJlYWQiOjMwMDAwMDAwMDAwMCwidXBkYXRlIjoxODAwMDAwMDAwMDAwfX0=",
          "dependencies": [
            "azurerm_resource_group.mygr",
            "azurerm_subnet.mysubnet",
            "azurerm_virtual_network.mynetwork"
          ]
        }
      ]
    },
    {
      "mode": "managed",
      "type": "azurerm_resource_group",
      "name": "mygr",
      "provider": "provider[\"registry.terraform.io/hashicorp/azurerm\"]",
      "instances": [
        {
          "schema_version": 0,
          "attributes": {
            "id": "/subscriptions/741f607e-5ee2-420c-a1f4-3fc69ee59cba/resourceGroups/erricsongrp",
            "location": "eastus",
            "managed_by": "",
            "name": "erricsongrp",
            "tags": null,
            "timeouts": null
          },
          "sensitive_attributes": [],
          "private": "eyJlMmJmYjczMC1lY2FhLTExZTYtOGY4OC0zNDM2M2JjN2M0YzAiOnsiY3JlYXRlIjo1NDAwMDAwMDAwMDAwLCJkZWxldGUiOjU0MDAwMDAwMDAwMDAsInJlYWQiOjMwMDAwMDAwMDAwMCwidXBkYXRlIjo1NDAwMDAwMDAwMDAwfX0="
        }
      ]
    },
    {
      "mode": "managed",
      "type": "azurerm_subnet",
      "name": "mysubnet",
      "provider": "provider[\"registry.terraform.io/hashicorp/azurerm\"]",
      "instances": [
        {
          "schema_version": 0,
          "attributes": {
            "address_prefixes": [
              "192.168.1.0/25"
            ],
            "delegation": [],
            "enforce_private_link_endpoint_network_policies": false,
            "enforce_private_link_service_network_policies": false,
            "id": "/subscriptions/741f607e-5ee2-420c-a1f4-3fc69ee59cba/resourceGroups/erricsongrp/providers/Microsoft.Network/virtualNetworks/erricson-network/subnets/erricson-subnet",
            "name": "erricson-subnet",
            "private_endpoint_network_policies_enabled": true,
            "private_link_service_network_policies_enabled": true,
            "resource_group_name": "erricsongrp",
            "service_endpoint_policy_ids": null,
            "service_endpoints": null,
            "timeouts": null,
            "virtual_network_name": "erricson-network"
          },
          "sensitive_attributes": [],
          "private": "eyJlMmJmYjczMC1lY2FhLTExZTYtOGY4OC0zNDM2M2JjN2M0YzAiOnsiY3JlYXRlIjoxODAwMDAwMDAwMDAwLCJkZWxldGUiOjE4MDAwMDAwMDAwMDAsInJlYWQiOjMwMDAwMDAwMDAwMCwidXBkYXRlIjoxODAwMDAwMDAwMDAwfX0=",
          "dependencies": [
            "azurerm_resource_group.mygr",
            "azurerm_virtual_network.mynetwork"
          ]
        }
      ]
    },
    {
      "mode": "managed",
      "type": "azurerm_subnet_network_security_group_association",
      "name": "mygroupassociation",
      "provider": "provider[\"registry.terraform.io/hashicorp/azurerm\"]",
      "instances": [
        {
          "schema_version": 0,
          "attributes": {
            "id": "/subscriptions/741f607e-5ee2-420c-a1f4-3fc69ee59cba/resourceGroups/erricsongrp/providers/Microsoft.Network/virtualNetworks/erricson-network/subnets/erricson-subnet",
            "network_security_group_id": "/subscriptions/741f607e-5ee2-420c-a1f4-3fc69ee59cba/resourceGroups/erricsongrp/providers/Microsoft.Network/networkSecurityGroups/erricson-security-group",
            "subnet_id": "/subscriptions/741f607e-5ee2-420c-a1f4-3fc69ee59cba/resourceGroups/erricsongrp/providers/Microsoft.Network/virtualNetworks/erricson-network/subnets/erricson-subnet",
            "timeouts": null
          },
          "sensitive_attributes": [],
          "private": "eyJlMmJmYjczMC1lY2FhLTExZTYtOGY4OC0zNDM2M2JjN2M0YzAiOnsiY3JlYXRlIjoxODAwMDAwMDAwMDAwLCJkZWxldGUiOjE4MDAwMDAwMDAwMDAsInJlYWQiOjMwMDAwMDAwMDAwMH19",
          "dependencies": [
            "azurerm_network_security_group.mysecurity_group",
            "azurerm_resource_group.mygr",
            "azurerm_subnet.mysubnet",
            "azurerm_virtual_network.mynetwork"
          ]
        }
      ]
    },
    {
      "mode": "managed",
      "type": "azurerm_virtual_network",
      "name": "mynetwork",
      "provider": "provider[\"registry.terraform.io/hashicorp/azurerm\"]",
      "instances": [
        {
          "schema_version": 0,
          "attributes": {
            "address_space": [
              "192.168.1.0/24"
            ],
            "bgp_community": "",
            "ddos_protection_plan": [],
            "dns_servers": [],
            "edge_zone": "",
            "encryption": [],
            "flow_timeout_in_minutes": 0,
            "guid": "0febc255-b410-4641-b527-8162d8b10e4b",
            "id": "/subscriptions/741f607e-5ee2-420c-a1f4-3fc69ee59cba/resourceGroups/erricsongrp/providers/Microsoft.Network/virtualNetworks/erricson-network",
            "location": "eastus",
            "name": "erricson-network",
            "resource_group_name": "erricsongrp",
            "subnet": [],
            "tags": {
              "envinoment": "prepod",
              "project": "crbt"
            },
            "timeouts": null
          },
          "sensitive_attributes": [],
          "private": "eyJlMmJmYjczMC1lY2FhLTExZTYtOGY4OC0zNDM2M2JjN2M0YzAiOnsiY3JlYXRlIjoxODAwMDAwMDAwMDAwLCJkZWxldGUiOjE4MDAwMDAwMDAwMDAsInJlYWQiOjMwMDAwMDAwMDAwMCwidXBkYXRlIjoxODAwMDAwMDAwMDAwfX0=",
          "dependencies": [
            "azurerm_resource_group.mygr"
          ]
        }
      ]
    }
  ],
  "check_results": null
}
